
Microsoft Visual Studio Solution File, Format Version 12.00
# Visual Studio Version 17
VisualStudioVersion = 17.5.33530.505
MinimumVisualStudioVersion = 10.0.40219.1
Project("{FAE04EC0-301F-11D3-BF4B-00C04F79EFBC}") = "Курсач", "Курсач\Курсач.csproj", "{B2C0891B-9FC8-431D-9693-E32CBEBE1A1C}"
EndProject
Global
	GlobalSection(SolutionConfigurationPlatforms) = preSolution
		Debug|Any CPU = Debug|Any CPU
		Release|Any CPU = Release|Any CPU
	EndGlobalSection
	GlobalSection(ProjectConfigurationPlatforms) = postSolution
		{B2C0891B-9FC8-431D-9693-E32CBEBE1A1C}.Debug|Any CPU.ActiveCfg = Debug|Any CPU
		{B2C0891B-9FC8-431D-9693-E32CBEBE1A1C}.Debug|Any CPU.Build.0 = Debug|Any CPU
		{B2C0891B-9FC8-431D-9693-E32CBEBE1A1C}.Release|Any CPU.ActiveCfg = Release|Any CPU
		{B2C0891B-9FC8-431D-9693-E32CBEBE1A1C}.Release|Any CPU.Build.0 = Release|Any CPU
	EndGlobalSection
	GlobalSection(SolutionProperties) = preSolution
		HideSolutionNode = FALSE
	EndGlobalSection
	GlobalSection(ExtensibilityGlobals) = postSolution
		SolutionGuid = {6475DA61-FD6A-44E7-AEB8-B62FB697C7F1}
	EndGlobalSection
EndGlobal
